
Microsoft Visual Studio Solution File, Format Version 12.00
# Visual Studio Version 17
VisualStudioVersion = 17.13.35806.99
MinimumVisualStudioVersion = 10.0.40219.1
Project("{FAE04EC0-301F-11D3-BF4B-00C04F79EFBC}") = "SistemaChamados", "SistemaChamados\SistemaChamados.csproj", "{9CB1EC47-02B3-48C9-91D7-F4195D182F42}"
EndProject
Global
	GlobalSection(SolutionConfigurationPlatforms) = preSolution
		Debug|Any CPU = Debug|Any CPU
		Release|Any CPU = Release|Any CPU
	EndGlobalSection
	GlobalSection(ProjectConfigurationPlatforms) = postSolution
		{9CB1EC47-02B3-48C9-91D7-F4195D182F42}.Debug|Any CPU.ActiveCfg = Debug|Any CPU
		{9CB1EC47-02B3-48C9-91D7-F4195D182F42}.Debug|Any CPU.Build.0 = Debug|Any CPU
		{9CB1EC47-02B3-48C9-91D7-F4195D182F42}.Release|Any CPU.ActiveCfg = Release|Any CPU
		{9CB1EC47-02B3-48C9-91D7-F4195D182F42}.Release|Any CPU.Build.0 = Release|Any CPU
	EndGlobalSection
	GlobalSection(SolutionProperties) = preSolution
		HideSolutionNode = FALSE
	EndGlobalSection
	GlobalSection(ExtensibilityGlobals) = postSolution
		SolutionGuid = {5C5744A7-1084-404E-B5CF-401A4017024E}
	EndGlobalSection
EndGlobal
